
Microsoft Visual Studio Solution File, Format Version 12.00
# Visual Studio 2012
Project("{FAE04EC0-301F-11D3-BF4B-00C04F79EFBC}") = "Sirona.Utilities", "Sirona.Utilities.csproj", "{F8B5A5DB-F996-4C53-9E30-A8A9534CCB7D}"
EndProject
Global
	GlobalSection(SolutionConfigurationPlatforms) = preSolution
		Debug|Any CPU = Debug|Any CPU
		Release|Any CPU = Release|Any CPU
	EndGlobalSection
	GlobalSection(ProjectConfigurationPlatforms) = postSolution
		{F8B5A5DB-F996-4C53-9E30-A8A9534CCB7D}.Debug|Any CPU.ActiveCfg = Debug|Any CPU
		{F8B5A5DB-F996-4C53-9E30-A8A9534CCB7D}.Debug|Any CPU.Build.0 = Debug|Any CPU
		{F8B5A5DB-F996-4C53-9E30-A8A9534CCB7D}.Release|Any CPU.ActiveCfg = Release|Any CPU
		{F8B5A5DB-F996-4C53-9E30-A8A9534CCB7D}.Release|Any CPU.Build.0 = Release|Any CPU
	EndGlobalSection
EndGlobal
